
Microsoft Visual Studio Solution File, Format Version 12.00
# Visual Studio Version 16
VisualStudioVersion = 16.0.31729.503
MinimumVisualStudioVersion = 10.0.40219.1
Project("{FAE04EC0-301F-11D3-BF4B-00C04F79EFBC}") = "Numbers from 1 to 9", "Numbers from 1 to 9\Numbers from 1 to 9.csproj", "{BE070A06-6858-4E93-8B79-832354FCBEFD}"
EndProject
Global
	GlobalSection(SolutionConfigurationPlatforms) = preSolution
		Debug|Any CPU = Debug|Any CPU
		Release|Any CPU = Release|Any CPU
	EndGlobalSection
	GlobalSection(ProjectConfigurationPlatforms) = postSolution
		{BE070A06-6858-4E93-8B79-832354FCBEFD}.Debug|Any CPU.ActiveCfg = Debug|Any CPU
		{BE070A06-6858-4E93-8B79-832354FCBEFD}.Debug|Any CPU.Build.0 = Debug|Any CPU
		{BE070A06-6858-4E93-8B79-832354FCBEFD}.Release|Any CPU.ActiveCfg = Release|Any CPU
		{BE070A06-6858-4E93-8B79-832354FCBEFD}.Release|Any CPU.Build.0 = Release|Any CPU
	EndGlobalSection
	GlobalSection(SolutionProperties) = preSolution
		HideSolutionNode = FALSE
	EndGlobalSection
	GlobalSection(ExtensibilityGlobals) = postSolution
		SolutionGuid = {4D707E7E-17FF-483A-BBD2-A686646C578D}
	EndGlobalSection
EndGlobal
